
Microsoft Visual Studio Solution File, Format Version 12.00
# Visual Studio Version 17
VisualStudioVersion = 17.1.32328.378
MinimumVisualStudioVersion = 10.0.40219.1
Project("{FAE04EC0-301F-11D3-BF4B-00C04F79EFBC}") = "RJ_Production", "RJ_Production\RJ_Production.csproj", "{6365FC2C-3EA2-4D8C-9465-5735CE4F57FC}"
EndProject
Global
	GlobalSection(SolutionConfigurationPlatforms) = preSolution
		Debug|Any CPU = Debug|Any CPU
		Release|Any CPU = Release|Any CPU
	EndGlobalSection
	GlobalSection(ProjectConfigurationPlatforms) = postSolution
		{6365FC2C-3EA2-4D8C-9465-5735CE4F57FC}.Debug|Any CPU.ActiveCfg = Debug|Any CPU
		{6365FC2C-3EA2-4D8C-9465-5735CE4F57FC}.Debug|Any CPU.Build.0 = Debug|Any CPU
		{6365FC2C-3EA2-4D8C-9465-5735CE4F57FC}.Release|Any CPU.ActiveCfg = Release|Any CPU
		{6365FC2C-3EA2-4D8C-9465-5735CE4F57FC}.Release|Any CPU.Build.0 = Release|Any CPU
	EndGlobalSection
	GlobalSection(SolutionProperties) = preSolution
		HideSolutionNode = FALSE
	EndGlobalSection
	GlobalSection(ExtensibilityGlobals) = postSolution
		SolutionGuid = {21CD48B6-971B-4521-9439-501CE97843F7}
	EndGlobalSection
EndGlobal
